
Microsoft Visual Studio Solution File, Format Version 12.00
# Visual Studio Version 17
VisualStudioVersion = 17.9.34902.65
MinimumVisualStudioVersion = 10.0.40219.1
Project("{9A19103F-16F7-4668-BE54-9A1E7A4F7556}") = "AccessManagementWebApp", "AccessManagementWebApp.csproj", "{C94A29C2-0468-479C-A7A5-1C7012AA2CD8}"
EndProject
Global
	GlobalSection(SolutionConfigurationPlatforms) = preSolution
		Debug|Any CPU = Debug|Any CPU
		Release|Any CPU = Release|Any CPU
	EndGlobalSection
	GlobalSection(ProjectConfigurationPlatforms) = postSolution
		{C94A29C2-0468-479C-A7A5-1C7012AA2CD8}.Debug|Any CPU.ActiveCfg = Debug|Any CPU
		{C94A29C2-0468-479C-A7A5-1C7012AA2CD8}.Debug|Any CPU.Build.0 = Debug|Any CPU
		{C94A29C2-0468-479C-A7A5-1C7012AA2CD8}.Release|Any CPU.ActiveCfg = Release|Any CPU
		{C94A29C2-0468-479C-A7A5-1C7012AA2CD8}.Release|Any CPU.Build.0 = Release|Any CPU
	EndGlobalSection
	GlobalSection(SolutionProperties) = preSolution
		HideSolutionNode = FALSE
	EndGlobalSection
	GlobalSection(ExtensibilityGlobals) = postSolution
		SolutionGuid = {10DA12BD-C6B6-4C01-AAA2-324089B3D401}
	EndGlobalSection
EndGlobal
